
Microsoft Visual Studio Solution File, Format Version 12.00
# Visual Studio Version 17
VisualStudioVersion = 17.4.32804.182
MinimumVisualStudioVersion = 10.0.40219.1
Project("{9A19103F-16F7-4668-BE54-9A1E7A4F7556}") = "Kabutar.WebApi", "Kabutar\Kabutar.WebApi.csproj", "{71E483A4-A9CB-4AC8-B6EE-482E6E908F10}"
EndProject
Project("{9A19103F-16F7-4668-BE54-9A1E7A4F7556}") = "Kabutar.Domain", "Kabutar.Domen\Kabutar.Domain.csproj", "{6879E165-9F5E-4C90-9F53-C01E0397967B}"
EndProject
Project("{9A19103F-16F7-4668-BE54-9A1E7A4F7556}") = "Kabutar.Data", "Kabutar.Data\Kabutar.Data.csproj", "{3EB65B1B-BCB0-4C39-AC9F-A47F13A58186}"
EndProject
Project("{9A19103F-16F7-4668-BE54-9A1E7A4F7556}") = "Kabutar.Service", "Kabutar.Service\Kabutar.Service.csproj", "{A1FD8D0C-3D81-4BA8-AE98-7C6FC83EEEFA}"
EndProject
Project("{9A19103F-16F7-4668-BE54-9A1E7A4F7556}") = "Kabutar.Application", "Kabutar.Application\Kabutar.Application.csproj", "{ECDE0D16-4F9F-483A-B23A-46A2B881753A}"
EndProject
Project("{2150E333-8FDC-42A3-9474-1A3956D46DE8}") = "src", "src", "{9FAE4FFD-73A7-4FFC-B9D0-FC1E76727AC7}"
EndProject
Project("{2150E333-8FDC-42A3-9474-1A3956D46DE8}") = "test", "test", "{5DF42876-2B74-4AAD-866B-2F6D302570EE}"
EndProject
Global
	GlobalSection(SolutionConfigurationPlatforms) = preSolution
		Debug|Any CPU = Debug|Any CPU
		Debug|ARM = Debug|ARM
		Debug|ARM64 = Debug|ARM64
		Debug|x64 = Debug|x64
		Debug|x86 = Debug|x86
		Release|Any CPU = Release|Any CPU
		Release|ARM = Release|ARM
		Release|ARM64 = Release|ARM64
		Release|x64 = Release|x64
		Release|x86 = Release|x86
	EndGlobalSection
	GlobalSection(ProjectConfigurationPlatforms) = postSolution
		{71E483A4-A9CB-4AC8-B6EE-482E6E908F10}.Debug|Any CPU.ActiveCfg = Debug|Any CPU
		{71E483A4-A9CB-4AC8-B6EE-482E6E908F10}.Debug|Any CPU.Build.0 = Debug|Any CPU
		{71E483A4-A9CB-4AC8-B6EE-482E6E908F10}.Debug|ARM.ActiveCfg = Debug|Any CPU
		{71E483A4-A9CB-4AC8-B6EE-482E6E908F10}.Debug|ARM.Build.0 = Debug|Any CPU
		{71E483A4-A9CB-4AC8-B6EE-482E6E908F10}.Debug|ARM64.ActiveCfg = Debug|Any CPU
		{71E483A4-A9CB-4AC8-B6EE-482E6E908F10}.Debug|ARM64.Build.0 = Debug|Any CPU
		{71E483A4-A9CB-4AC8-B6EE-482E6E908F10}.Debug|x64.ActiveCfg = Debug|Any CPU
		{71E483A4-A9CB-4AC8-B6EE-482E6E908F10}.Debug|x64.Build.0 = Debug|Any CPU
		{71E483A4-A9CB-4AC8-B6EE-482E6E908F10}.Debug|x86.ActiveCfg = Debug|Any CPU
		{71E483A4-A9CB-4AC8-B6EE-482E6E908F10}.Debug|x86.Build.0 = Debug|Any CPU
		{71E483A4-A9CB-4AC8-B6EE-482E6E908F10}.Release|Any CPU.ActiveCfg = Release|Any CPU
		{71E483A4-A9CB-4AC8-B6EE-482E6E908F10}.Release|Any CPU.Build.0 = Release|Any CPU
		{71E483A4-A9CB-4AC8-B6EE-482E6E908F10}.Release|ARM.ActiveCfg = Release|Any CPU
		{71E483A4-A9CB-4AC8-B6EE-482E6E908F10}.Release|ARM.Build.0 = Release|Any CPU
		{71E483A4-A9CB-4AC8-B6EE-482E6E908F10}.Release|ARM64.ActiveCfg = Release|Any CPU
		{71E483A4-A9CB-4AC8-B6EE-482E6E908F10}.Release|ARM64.Build.0 = Release|Any CPU
		{71E483A4-A9CB-4AC8-B6EE-482E6E908F10}.Release|x64.ActiveCfg = Release|Any CPU
		{71E483A4-A9CB-4AC8-B6EE-482E6E908F10}.Release|x64.Build.0 = Release|Any CPU
		{71E483A4-A9CB-4AC8-B6EE-482E6E908F10}.Release|x86.ActiveCfg = Release|Any CPU
		{71E483A4-A9CB-4AC8-B6EE-482E6E908F10}.Release|x86.Build.0 = Release|Any CPU
		{6879E165-9F5E-4C90-9F53-C01E0397967B}.Debug|Any CPU.ActiveCfg = Debug|Any CPU
		{6879E165-9F5E-4C90-9F53-C01E0397967B}.Debug|Any CPU.Build.0 = Debug|Any CPU
		{6879E165-9F5E-4C90-9F53-C01E0397967B}.Debug|ARM.ActiveCfg = Debug|Any CPU
		{6879E165-9F5E-4C90-9F53-C01E0397967B}.Debug|ARM.Build.0 = Debug|Any CPU
		{6879E165-9F5E-4C90-9F53-C01E0397967B}.Debug|ARM64.ActiveCfg = Debug|Any CPU
		{6879E165-9F5E-4C90-9F53-C01E0397967B}.Debug|ARM64.Build.0 = Debug|Any CPU
		{6879E165-9F5E-4C90-9F53-C01E0397967B}.Debug|x64.ActiveCfg = Debug|Any CPU
		{6879E165-9F5E-4C90-9F53-C01E0397967B}.Debug|x64.Build.0 = Debug|Any CPU
		{6879E165-9F5E-4C90-9F53-C01E0397967B}.Debug|x86.ActiveCfg = Debug|Any CPU
		{6879E165-9F5E-4C90-9F53-C01E0397967B}.Debug|x86.Build.0 = Debug|Any CPU
		{6879E165-9F5E-4C90-9F53-C01E0397967B}.Release|Any CPU.ActiveCfg = Release|Any CPU
		{6879E165-9F5E-4C90-9F53-C01E0397967B}.Release|Any CPU.Build.0 = Release|Any CPU
		{6879E165-9F5E-4C90-9F53-C01E0397967B}.Release|ARM.ActiveCfg = Release|Any CPU
		{6879E165-9F5E-4C90-9F53-C01E0397967B}.Release|ARM.Build.0 = Release|Any CPU
		{6879E165-9F5E-4C90-9F53-C01E0397967B}.Release|ARM64.ActiveCfg = Release|Any CPU
		{6879E165-9F5E-4C90-9F53-C01E0397967B}.Release|ARM64.Build.0 = Release|Any CPU
		{6879E165-9F5E-4C90-9F53-C01E0397967B}.Release|x64.ActiveCfg = Release|Any CPU
		{6879E165-9F5E-4C90-9F53-C01E0397967B}.Release|x64.Build.0 = Release|Any CPU
		{6879E165-9F5E-4C90-9F53-C01E0397967B}.Release|x86.ActiveCfg = Release|Any CPU
		{6879E165-9F5E-4C90-9F53-C01E0397967B}.Release|x86.Build.0 = Release|Any CPU
		{3EB65B1B-BCB0-4C39-AC9F-A47F13A58186}.Debug|Any CPU.ActiveCfg = Debug|Any CPU
		{3EB65B1B-BCB0-4C39-AC9F-A47F13A58186}.Debug|Any CPU.Build.0 = Debug|Any CPU
		{3EB65B1B-BCB0-4C39-AC9F-A47F13A58186}.Debug|ARM.ActiveCfg = Debug|Any CPU
		{3EB65B1B-BCB0-4C39-AC9F-A47F13A58186}.Debug|ARM.Build.0 = Debug|Any CPU
		{3EB65B1B-BCB0-4C39-AC9F-A47F13A58186}.Debug|ARM64.ActiveCfg = Debug|Any CPU
		{3EB65B1B-BCB0-4C39-AC9F-A47F13A58186}.Debug|ARM64.Build.0 = Debug|Any CPU
		{3EB65B1B-BCB0-4C39-AC9F-A47F13A58186}.Debug|x64.ActiveCfg = Debug|Any CPU
		{3EB65B1B-BCB0-4C39-AC9F-A47F13A58186}.Debug|x64.Build.0 = Debug|Any CPU
		{3EB65B1B-BCB0-4C39-AC9F-A47F13A58186}.Debug|x86.ActiveCfg = Debug|Any CPU
		{3EB65B1B-BCB0-4C39-AC9F-A47F13A58186}.Debug|x86.Build.0 = Debug|Any CPU
		{3EB65B1B-BCB0-4C39-AC9F-A47F13A58186}.Release|Any CPU.ActiveCfg = Release|Any CPU
		{3EB65B1B-BCB0-4C39-AC9F-A47F13A58186}.Release|Any CPU.Build.0 = Release|Any CPU
		{3EB65B1B-BCB0-4C39-AC9F-A47F13A58186}.Release|ARM.ActiveCfg = Release|Any CPU
		{3EB65B1B-BCB0-4C39-AC9F-A47F13A58186}.Release|ARM.Build.0 = Release|Any CPU
		{3EB65B1B-BCB0-4C39-AC9F-A47F13A58186}.Release|ARM64.ActiveCfg = Release|Any CPU
		{3EB65B1B-BCB0-4C39-AC9F-A47F13A58186}.Release|ARM64.Build.0 = Release|Any CPU
		{3EB65B1B-BCB0-4C39-AC9F-A47F13A58186}.Release|x64.ActiveCfg = Release|Any CPU
		{3EB65B1B-BCB0-4C39-AC9F-A47F13A58186}.Release|x64.Build.0 = Release|Any CPU
		{3EB65B1B-BCB0-4C39-AC9F-A47F13A58186}.Release|x86.ActiveCfg = Release|Any CPU
		{3EB65B1B-BCB0-4C39-AC9F-A47F13A58186}.Release|x86.Build.0 = Release|Any CPU
		{A1FD8D0C-3D81-4BA8-AE98-7C6FC83EEEFA}.Debug|Any CPU.ActiveCfg = Debug|Any CPU
		{A1FD8D0C-3D81-4BA8-AE98-7C6FC83EEEFA}.Debug|Any CPU.Build.0 = Debug|Any CPU
		{A1FD8D0C-3D81-4BA8-AE98-7C6FC83EEEFA}.Debug|ARM.ActiveCfg = Debug|Any CPU
		{A1FD8D0C-3D81-4BA8-AE98-7C6FC83EEEFA}.Debug|ARM.Build.0 = Debug|Any CPU
		{A1FD8D0C-3D81-4BA8-AE98-7C6FC83EEEFA}.Debug|ARM64.ActiveCfg = Debug|Any CPU
		{A1FD8D0C-3D81-4BA8-AE98-7C6FC83EEEFA}.Debug|ARM64.Build.0 = Debug|Any CPU
		{A1FD8D0C-3D81-4BA8-AE98-7C6FC83EEEFA}.Debug|x64.ActiveCfg = Debug|Any CPU
		{A1FD8D0C-3D81-4BA8-AE98-7C6FC83EEEFA}.Debug|x64.Build.0 = Debug|Any CPU
		{A1FD8D0C-3D81-4BA8-AE98-7C6FC83EEEFA}.Debug|x86.ActiveCfg = Debug|Any CPU
		{A1FD8D0C-3D81-4BA8-AE98-7C6FC83EEEFA}.Debug|x86.Build.0 = Debug|Any CPU
		{A1FD8D0C-3D81-4BA8-AE98-7C6FC83EEEFA}.Release|Any CPU.ActiveCfg = Release|Any CPU
		{A1FD8D0C-3D81-4BA8-AE98-7C6FC83EEEFA}.Release|Any CPU.Build.0 = Release|Any CPU
		{A1FD8D0C-3D81-4BA8-AE98-7C6FC83EEEFA}.Release|ARM.ActiveCfg = Release|Any CPU
		{A1FD8D0C-3D81-4BA8-AE98-7C6FC83EEEFA}.Release|ARM.Build.0 = Release|Any CPU
		{A1FD8D0C-3D81-4BA8-AE98-7C6FC83EEEFA}.Release|ARM64.ActiveCfg = Release|Any CPU
		{A1FD8D0C-3D81-4BA8-AE98-7C6FC83EEEFA}.Release|ARM64.Build.0 = Release|Any CPU
		{A1FD8D0C-3D81-4BA8-AE98-7C6FC83EEEFA}.Release|x64.ActiveCfg = Release|Any CPU
		{A1FD8D0C-3D81-4BA8-AE98-7C6FC83EEEFA}.Release|x64.Build.0 = Release|Any CPU
		{A1FD8D0C-3D81-4BA8-AE98-7C6FC83EEEFA}.Release|x86.ActiveCfg = Release|Any CPU
		{A1FD8D0C-3D81-4BA8-AE98-7C6FC83EEEFA}.Release|x86.Build.0 = Release|Any CPU
		{ECDE0D16-4F9F-483A-B23A-46A2B881753A}.Debug|Any CPU.ActiveCfg = Debug|Any CPU
		{ECDE0D16-4F9F-483A-B23A-46A2B881753A}.Debug|Any CPU.Build.0 = Debug|Any CPU
		{ECDE0D16-4F9F-483A-B23A-46A2B881753A}.Debug|ARM.ActiveCfg = Debug|Any CPU
		{ECDE0D16-4F9F-483A-B23A-46A2B881753A}.Debug|ARM.Build.0 = Debug|Any CPU
		{ECDE0D16-4F9F-483A-B23A-46A2B881753A}.Debug|ARM64.ActiveCfg = Debug|Any CPU
		{ECDE0D16-4F9F-483A-B23A-46A2B881753A}.Debug|ARM64.Build.0 = Debug|Any CPU
		{ECDE0D16-4F9F-483A-B23A-46A2B881753A}.Debug|x64.ActiveCfg = Debug|Any CPU
		{ECDE0D16-4F9F-483A-B23A-46A2B881753A}.Debug|x64.Build.0 = Debug|Any CPU
		{ECDE0D16-4F9F-483A-B23A-46A2B881753A}.Debug|x86.ActiveCfg = Debug|Any CPU
		{ECDE0D16-4F9F-483A-B23A-46A2B881753A}.Debug|x86.Build.0 = Debug|Any CPU
		{ECDE0D16-4F9F-483A-B23A-46A2B881753A}.Release|Any CPU.ActiveCfg = Release|Any CPU
		{ECDE0D16-4F9F-483A-B23A-46A2B881753A}.Release|Any CPU.Build.0 = Release|Any CPU
		{ECDE0D16-4F9F-483A-B23A-46A2B881753A}.Release|ARM.ActiveCfg = Release|Any CPU
		{ECDE0D16-4F9F-483A-B23A-46A2B881753A}.Release|ARM.Build.0 = Release|Any CPU
		{ECDE0D16-4F9F-483A-B23A-46A2B881753A}.Release|ARM64.ActiveCfg = Release|Any CPU
		{ECDE0D16-4F9F-483A-B23A-46A2B881753A}.Release|ARM64.Build.0 = Release|Any CPU
		{ECDE0D16-4F9F-483A-B23A-46A2B881753A}.Release|x64.ActiveCfg = Release|Any CPU
		{ECDE0D16-4F9F-483A-B23A-46A2B881753A}.Release|x64.Build.0 = Release|Any CPU
		{ECDE0D16-4F9F-483A-B23A-46A2B881753A}.Release|x86.ActiveCfg = Release|Any CPU
		{ECDE0D16-4F9F-483A-B23A-46A2B881753A}.Release|x86.Build.0 = Release|Any CPU
	EndGlobalSection
	GlobalSection(SolutionProperties) = preSolution
		HideSolutionNode = FALSE
	EndGlobalSection
	GlobalSection(NestedProjects) = preSolution
		{71E483A4-A9CB-4AC8-B6EE-482E6E908F10} = {9FAE4FFD-73A7-4FFC-B9D0-FC1E76727AC7}
		{6879E165-9F5E-4C90-9F53-C01E0397967B} = {9FAE4FFD-73A7-4FFC-B9D0-FC1E76727AC7}
		{3EB65B1B-BCB0-4C39-AC9F-A47F13A58186} = {9FAE4FFD-73A7-4FFC-B9D0-FC1E76727AC7}
		{A1FD8D0C-3D81-4BA8-AE98-7C6FC83EEEFA} = {9FAE4FFD-73A7-4FFC-B9D0-FC1E76727AC7}
		{ECDE0D16-4F9F-483A-B23A-46A2B881753A} = {9FAE4FFD-73A7-4FFC-B9D0-FC1E76727AC7}
	EndGlobalSection
	GlobalSection(ExtensibilityGlobals) = postSolution
		SolutionGuid = {49344502-5980-45AC-AA8C-4C5B5BEF6A61}
	EndGlobalSection
EndGlobal
